// !$*UTF8*$!
{
	archiveVersion = 1;
	classes = {
	};
	objectVersion = 46;
	objects = {

/* Begin PBXBuildFile section */
		89D8AEF31F2B18B2003310B2 /* main.m in Sources */ = {isa = PBXBuildFile; fileRef = 89D8AEF21F2B18B2003310B2 /* main.m */; };
		89D8AEF61F2B18B2003310B2 /* AppDelegate.m in Sources */ = {isa = PBXBuildFile; fileRef = 89D8AEF51F2B18B2003310B2 /* AppDelegate.m */; };
		89D8AEF91F2B18B2003310B2 /* ViewController.m in Sources */ = {isa = PBXBuildFile; fileRef = 89D8AEF81F2B18B2003310B2 /* ViewController.m */; };
		89D8AEFC1F2B18B2003310B2 /* Main.storyboard in Resources */ = {isa = PBXBuildFile; fileRef = 89D8AEFA1F2B18B2003310B2 /* Main.storyboard */; };
		89D8AEFE1F2B18B2003310B2 /* Assets.xcassets in Resources */ = {isa = PBXBuildFile; fileRef = 89D8AEFD1F2B18B2003310B2 /* Assets.xcassets */; };
		89D8AF011F2B18B2003310B2 /* LaunchScreen.storyboard in Resources */ = {isa = PBXBuildFile; fileRef = 89D8AEFF1F2B18B2003310B2 /* LaunchScreen.storyboard */; };
		89D8AF0C1F2B18B2003310B2 /* AudioPlayerProjectTests.m in Sources */ = {isa = PBXBuildFile; fileRef = 89D8AF0B1F2B18B2003310B2 /* AudioPlayerProjectTests.m */; };
		89D8AF171F2B18B2003310B2 /* AudioPlayerProjectUITests.m in Sources */ = {isa = PBXBuildFile; fileRef = 89D8AF161F2B18B2003310B2 /* AudioPlayerProjectUITests.m */; };
		89D8AF261F2B18C2003310B2 /* AudioPlayerHelper.m in Sources */ = {isa = PBXBuildFile; fileRef = 89D8AF251F2B18C2003310B2 /* AudioPlayerHelper.m */; };
/* End PBXBuildFile section */

/* Begin PBXContainerItemProxy section */
		89D8AF081F2B18B2003310B2 /* PBXContainerItemProxy */ = {
			isa = PBXContainerItemProxy;
			containerPortal = 89D8AEE61F2B18B2003310B2 /* Project object */;
			proxyType = 1;
			remoteGlobalIDString = 89D8AEED1F2B18B2003310B2;
			remoteInfo = AudioPlayerProject;
		};
		89D8AF131F2B18B2003310B2 /* PBXContainerItemProxy */ = {
			isa = PBXContainerItemProxy;
			containerPortal = 89D8AEE61F2B18B2003310B2 /* Project object */;
			proxyType = 1;
			remoteGlobalIDString = 89D8AEED1F2B18B2003310B2;
			remoteInfo = AudioPlayerProject;
		};
/* End PBXContainerItemProxy section */

/* Begin PBXFileReference section */
		89D8AEEE1F2B18B2003310B2 /* AudioPlayerProject.app */ = {isa = PBXFileReference; explicitFileType = wrapper.application; includeInIndex = 0; path = AudioPlayerProject.app; sourceTree = BUILT_PRODUCTS_DIR; };
		89D8AEF21F2B18B2003310B2 /* main.m */ = {isa = PBXFileReference; lastKnownFileType = sourcecode.c.objc; path = main.m; sourceTree = "<group>"; };
		89D8AEF41F2B18B2003310B2 /* AppDelegate.h */ = {isa = PBXFileReference; lastKnownFileType = sourcecode.c.h; path = AppDelegate.h; sourceTree = "<group>"; };
		89D8AEF51F2B18B2003310B2 /* AppDelegate.m */ = {isa = PBXFileReference; lastKnownFileType = sourcecode.c.objc; path = AppDelegate.m; sourceTree = "<group>"; };
		89D8AEF71F2B18B2003310B2 /* ViewController.h */ = {isa = PBXFileReference; lastKnownFileType = sourcecode.c.h; path = ViewController.h; sourceTree = "<group>"; };
		89D8AEF81F2B18B2003310B2 /* ViewController.m */ = {isa = PBXFileReference; lastKnownFileType = sourcecode.c.objc; path = ViewController.m; sourceTree = "<group>"; };
		89D8AEFB1F2B18B2003310B2 /* Base */ = {isa = PBXFileReference; lastKnownFileType = file.storyboard; name = Base; path = Base.lproj/Main.storyboard; sourceTree = "<group>"; };
		89D8AEFD1F2B18B2003310B2 /* Assets.xcassets */ = {isa = PBXFileReference; lastKnownFileType = folder.assetcatalog; path = Assets.xcassets; sourceTree = "<group>"; };
		89D8AF001F2B18B2003310B2 /* Base */ = {isa = PBXFileReference; lastKnownFileType = file.storyboard; name = Base; path = Base.lproj/LaunchScreen.storyboard; sourceTree = "<group>"; };
		89D8AF021F2B18B2003310B2 /* Info.plist */ = {isa = PBXFileReference; lastKnownFileType = text.plist.xml; path = Info.plist; sourceTree = "<group>"; };
		89D8AF071F2B18B2003310B2 /* AudioPlayerProjectTests.xctest */ = {isa = PBXFileReference; explicitFileType = wrapper.cfbundle; includeInIndex = 0; path = AudioPlayerProjectTests.xctest; sourceTree = BUILT_PRODUCTS_DIR; };
		89D8AF0B1F2B18B2003310B2 /* AudioPlayerProjectTests.m */ = {isa = PBXFileReference; lastKnownFileType = sourcecode.c.objc; path = AudioPlayerProjectTests.m; sourceTree = "<group>"; };
		89D8AF0D1F2B18B2003310B2 /* Info.plist */ = {isa = PBXFileReference; lastKnownFileType = text.plist.xml; path = Info.plist; sourceTree = "<group>"; };
		89D8AF121F2B18B2003310B2 /* AudioPlayerProjectUITests.xctest */ = {isa = PBXFileReference; explicitFileType = wrapper.cfbundle; includeInIndex = 0; path = AudioPlayerProjectUITests.xctest; sourceTree = BUILT_PRODUCTS_DIR; };
		89D8AF161F2B18B2003310B2 /* AudioPlayerProjectUITests.m */ = {isa = PBXFileReference; lastKnownFileType = sourcecode.c.objc; path = AudioPlayerProjectUITests.m; sourceTree = "<group>"; };
		89D8AF181F2B18B2003310B2 /* Info.plist */ = {isa = PBXFileReference; lastKnownFileType = text.plist.xml; path = Info.plist; sourceTree = "<group>"; };
		89D8AF241F2B18C2003310B2 /* AudioPlayerHelper.h */ = {isa = PBXFileReference; fileEncoding = 4; lastKnownFileType = sourcecode.c.h; path = AudioPlayerHelper.h; sourceTree = "<group>"; };
		89D8AF251F2B18C2003310B2 /* AudioPlayerHelper.m */ = {isa = PBXFileReference; fileEncoding = 4; lastKnownFileType = sourcecode.c.objc; path = AudioPlayerHelper.m; sourceTree = "<group>"; };
/* End PBXFileReference section */

/* Begin PBXFrameworksBuildPhase section */
		89D8AEEB1F2B18B2003310B2 /* Frameworks */ = {
			isa = PBXFrameworksBuildPhase;
			buildActionMask = 2147483647;
			files = (
			);
			runOnlyForDeploymentPostprocessing = 0;
		};
		89D8AF041F2B18B2003310B2 /* Frameworks */ = {
			isa = PBXFrameworksBuildPhase;
			buildActionMask = 2147483647;
			files = (
			);
			runOnlyForDeploymentPostprocessing = 0;
		};
		89D8AF0F1F2B18B2003310B2 /* Frameworks */ = {
			isa = PBXFrameworksBuildPhase;
			buildActionMask = 2147483647;
			files = (
			);
			runOnlyForDeploymentPostprocessing = 0;
		};
/* End PBXFrameworksBuildPhase section */

/* Begin PBXGroup section */
		89D8AEE51F2B18B2003310B2 = {
			isa = PBXGroup;
			children = (
				89D8AEF01F2B18B2003310B2 /* AudioPlayerProject */,
				89D8AF0A1F2B18B2003310B2 /* AudioPlayerProjectTests */,
				89D8AF151F2B18B2003310B2 /* AudioPlayerProjectUITests */,
				89D8AEEF1F2B18B2003310B2 /* Products */,
			);
			sourceTree = "<group>";
		};
		89D8AEEF1F2B18B2003310B2 /* Products */ = {
			isa = PBXGroup;
			children = (
				89D8AEEE1F2B18B2003310B2 /* AudioPlayerProject.app */,
				89D8AF071F2B18B2003310B2 /* AudioPlayerProjectTests.xctest */,
				89D8AF121F2B18B2003310B2 /* AudioPlayerProjectUITests.xctest */,
			);
			name = Products;
			sourceTree = "<group>";
		};
		89D8AEF01F2B18B2003310B2 /* AudioPlayerProject */ = {
			isa = PBXGroup;
			children = (
				89D8AF241F2B18C2003310B2 /* AudioPlayerHelper.h */,
				89D8AF251F2B18C2003310B2 /* AudioPlayerHelper.m */,
				89D8AEF41F2B18B2003310B2 /* AppDelegate.h */,
				89D8AEF51F2B18B2003310B2 /* AppDelegate.m */,
				89D8AEF71F2B18B2003310B2 /* ViewController.h */,
				89D8AEF81F2B18B2003310B2 /* ViewController.m */,
				89D8AEFA1F2B18B2003310B2 /* Main.storyboard */,
				89D8AEFD1F2B18B2003310B2 /* Assets.xcassets */,
				89D8AEFF1F2B18B2003310B2 /* LaunchScreen.storyboard */,
				89D8AF021F2B18B2003310B2 /* Info.plist */,
				89D8AEF11F2B18B2003310B2 /* Supporting Files */,
			);
			path = AudioPlayerProject;
			sourceTree = "<group>";
		};
		89D8AEF11F2B18B2003310B2 /* Supporting Files */ = {
			isa = PBXGroup;
			children = (
				89D8AEF21F2B18B2003310B2 /* main.m */,
			);
			name = "Supporting Files";
			sourceTree = "<group>";
		};
		89D8AF0A1F2B18B2003310B2 /* AudioPlayerProjectTests */ = {
			isa = PBXGroup;
			children = (
				89D8AF0B1F2B18B2003310B2 /* AudioPlayerProjectTests.m */,
				89D8AF0D1F2B18B2003310B2 /* Info.plist */,
			);
			path = AudioPlayerProjectTests;
			sourceTree = "<group>";
		};
		89D8AF151F2B18B2003310B2 /* AudioPlayerProjectUITests */ = {
			isa = PBXGroup;
			children = (
				89D8AF161F2B18B2003310B2 /* AudioPlayerProjectUITests.m */,
				89D8AF181F2B18B2003310B2 /* Info.plist */,
			);
			path = AudioPlayerProjectUITests;
			sourceTree = "<group>";
		};
/* End PBXGroup section */

/* Begin PBXNativeTarget section */
		89D8AEED1F2B18B2003310B2 /* AudioPlayerProject */ = {
			isa = PBXNativeTarget;
			buildConfigurationList = 89D8AF1B1F2B18B2003310B2 /* Build configuration list for PBXNativeTarget "AudioPlayerProject" */;
			buildPhases = (
				89D8AEEA1F2B18B2003310B2 /* Sources */,
				89D8AEEB1F2B18B2003310B2 /* Frameworks */,
				89D8AEEC1F2B18B2003310B2 /* Resources */,
			);
			buildRules = (
			);
			dependencies = (
			);
			name = AudioPlayerProject;
			productName = AudioPlayerProject;
			productReference = 89D8AEEE1F2B18B2003310B2 /* AudioPlayerProject.app */;
			productType = "com.apple.product-type.application";
		};
		89D8AF061F2B18B2003310B2 /* AudioPlayerProjectTests */ = {
			isa = PBXNativeTarget;
			buildConfigurationList = 89D8AF1E1F2B18B2003310B2 /* Build configuration list for PBXNativeTarget "AudioPlayerProjectTests" */;
			buildPhases = (
				89D8AF031F2B18B2003310B2 /* Sources */,
				89D8AF041F2B18B2003310B2 /* Frameworks */,
				89D8AF051F2B18B2003310B2 /* Resources */,
			);
			buildRules = (
			);
			dependencies = (
				89D8AF091F2B18B2003310B2 /* PBXTargetDependency */,
			);
			name = AudioPlayerProjectTests;
			productName = AudioPlayerProjectTests;
			productReference = 89D8AF071F2B18B2003310B2 /* AudioPlayerProjectTests.xctest */;
			productType = "com.apple.product-type.bundle.unit-test";
		};
		89D8AF111F2B18B2003310B2 /* AudioPlayerProjectUITests */ = {
			isa = PBXNativeTarget;
			buildConfigurationList = 89D8AF211F2B18B2003310B2 /* Build configuration list for PBXNativeTarget "AudioPlayerProjectUITests" */;
			buildPhases = (
				89D8AF0E1F2B18B2003310B2 /* Sources */,
				89D8AF0F1F2B18B2003310B2 /* Frameworks */,
				89D8AF101F2B18B2003310B2 /* Resources */,
			);
			buildRules = (
			);
			dependencies = (
				89D8AF141F2B18B2003310B2 /* PBXTargetDependency */,
			);
			name = AudioPlayerProjectUITests;
			productName = AudioPlayerProjectUITests;
			productReference = 89D8AF121F2B18B2003310B2 /* AudioPlayerProjectUITests.xctest */;
			productType = "com.apple.product-type.bundle.ui-testing";
		};
/* End PBXNativeTarget section */

/* Begin PBXProject section */
		89D8AEE61F2B18B2003310B2 /* Project object */ = {
			isa = PBXProject;
			attributes = {
				LastUpgradeCheck = 0830;
				ORGANIZATIONNAME = Linyoung;
				TargetAttributes = {
					89D8AEED1F2B18B2003310B2 = {
						CreatedOnToolsVersion = 8.3.3;
						ProvisioningStyle = Automatic;
					};
					89D8AF061F2B18B2003310B2 = {
						CreatedOnToolsVersion = 8.3.3;
						ProvisioningStyle = Automatic;
						TestTargetID = 89D8AEED1F2B18B2003310B2;
					};
					89D8AF111F2B18B2003310B2 = {
						CreatedOnToolsVersion = 8.3.3;
						ProvisioningStyle = Automatic;
						TestTargetID = 89D8AEED1F2B18B2003310B2;
					};
				};
			};
			buildConfigurationList = 89D8AEE91F2B18B2003310B2 /* Build configuration list for PBXProject "AudioPlayerProject" */;
			compatibilityVersion = "Xcode 3.2";
			developmentRegion = English;
			hasScannedForEncodings = 0;
			knownRegions = (
				en,
				Base,
			);
			mainGroup = 89D8AEE51F2B18B2003310B2;
			productRefGroup = 89D8AEEF1F2B18B2003310B2 /* Products */;
			projectDirPath = "";
			projectRoot = "";
			targets = (
				89D8AEED1F2B18B2003310B2 /* AudioPlayerProject */,
				89D8AF061F2B18B2003310B2 /* AudioPlayerProjectTests */,
				89D8AF111F2B18B2003310B2 /* AudioPlayerProjectUITests */,
			);
		};
/* End PBXProject section */

/* Begin PBXResourcesBuildPhase section */
		89D8AEEC1F2B18B2003310B2 /* Resources */ = {
			isa = PBXResourcesBuildPhase;
			buildActionMask = 2147483647;
			files = (
				89D8AF011F2B18B2003310B2 /* LaunchScreen.storyboard in Resources */,
				89D8AEFE1F2B18B2003310B2 /* Assets.xcassets in Resources */,
				89D8AEFC1F2B18B2003310B2 /* Main.storyboard in Resources */,
			);
			runOnlyForDeploymentPostprocessing = 0;
		};
		89D8AF051F2B18B2003310B2 /* Resources */ = {
			isa = PBXResourcesBuildPhase;
			buildActionMask = 2147483647;
			files = (
			);
			runOnlyForDeploymentPostprocessing = 0;
		};
		89D8AF101F2B18B2003310B2 /* Resources */ = {
			isa = PBXResourcesBuildPhase;
			buildActionMask = 2147483647;
			files = (
			);
			runOnlyForDeploymentPostprocessing = 0;
		};
/* End PBXResourcesBuildPhase section */

/* Begin PBXSourcesBuildPhase section */
		89D8AEEA1F2B18B2003310B2 /* Sources */ = {
			isa = PBXSourcesBuildPhase;
			buildActionMask = 2147483647;
			files = (
				89D8AEF91F2B18B2003310B2 /* ViewController.m in Sources */,
				89D8AF261F2B18C2003310B2 /* AudioPlayerHelper.m in Sources */,
				89D8AEF61F2B18B2003310B2 /* AppDelegate.m in Sources */,
				89D8AEF31F2B18B2003310B2 /* main.m in Sources */,
			);
			runOnlyForDeploymentPostprocessing = 0;
		};
		89D8AF031F2B18B2003310B2 /* Sources */ = {
			isa = PBXSourcesBuildPhase;
			buildActionMask = 2147483647;
			files = (
				89D8AF0C1F2B18B2003310B2 /* AudioPlayerProjectTests.m in Sources */,
			);
			runOnlyForDeploymentPostprocessing = 0;
		};
		89D8AF0E1F2B18B2003310B2 /* Sources */ = {
			isa = PBXSourcesBuildPhase;
			buildActionMask = 2147483647;
			files = (
				89D8AF171F2B18B2003310B2 /* AudioPlayerProjectUITests.m in Sources */,
			);
			runOnlyForDeploymentPostprocessing = 0;
		};
/* End PBXSourcesBuildPhase section */

/* Begin PBXTargetDependency section */
		89D8AF091F2B18B2003310B2 /* PBXTargetDependency */ = {
			isa = PBXTargetDependency;
			target = 89D8AEED1F2B18B2003310B2 /* AudioPlayerProject */;
			targetProxy = 89D8AF081F2B18B2003310B2 /* PBXContainerItemProxy */;
		};
		89D8AF141F2B18B2003310B2 /* PBXTargetDependency */ = {
			isa = PBXTargetDependency;
			target = 89D8AEED1F2B18B2003310B2 /* AudioPlayerProject */;
			targetProxy = 89D8AF131F2B18B2003310B2 /* PBXContainerItemProxy */;
		};
/* End PBXTargetDependency section */

/* Begin PBXVariantGroup section */
		89D8AEFA1F2B18B2003310B2 /* Main.storyboard */ = {
			isa = PBXVariantGroup;
			children = (
				89D8AEFB1F2B18B2003310B2 /* Base */,
			);
			name = Main.storyboard;
			sourceTree = "<group>";
		};
		89D8AEFF1F2B18B2003310B2 /* LaunchScreen.storyboard */ = {
			isa = PBXVariantGroup;
			children = (
				89D8AF001F2B18B2003310B2 /* Base */,
			);
			name = LaunchScreen.storyboard;
			sourceTree = "<group>";
		};
/* End PBXVariantGroup section */

/* Begin XCBuildConfiguration section */
		89D8AF191F2B18B2003310B2 /* Debug */ = {
			isa = XCBuildConfiguration;
			buildSettings = {
				ALWAYS_SEARCH_USER_PATHS = NO;
				CLANG_ANALYZER_NONNULL = YES;
				CLANG_ANALYZER_NUMBER_OBJECT_CONVERSION = YES_AGGRESSIVE;
				CLANG_CXX_LANGUAGE_STANDARD = "gnu++0x";
				CLANG_CXX_LIBRARY = "libc++";
				CLANG_ENABLE_MODULES = YES;
				CLANG_ENABLE_OBJC_ARC = YES;
				CLANG_WARN_BOOL_CONVERSION = YES;
				CLANG_WARN_CONSTANT_CONVERSION = YES;
				CLANG_WARN_DIRECT_OBJC_ISA_USAGE = YES_ERROR;
				CLANG_WARN_DOCUMENTATION_COMMENTS = YES;
				CLANG_WARN_EMPTY_BODY = YES;
				CLANG_WARN_ENUM_CONVERSION = YES;
				CLANG_WARN_INFINITE_RECURSION = YES;
				CLANG_WARN_INT_CONVERSION = YES;
				CLANG_WARN_OBJC_ROOT_CLASS = YES_ERROR;
				CLANG_WARN_SUSPICIOUS_MOVE = YES;
				CLANG_WARN_UNREACHABLE_CODE = YES;
				CLANG_WARN__DUPLICATE_METHOD_MATCH = YES;
				"CODE_SIGN_IDENTITY[sdk=iphoneos*]" = "iPhone Developer";
				COPY_PHASE_STRIP = NO;
				DEBUG_INFORMATION_FORMAT = dwarf;
				ENABLE_STRICT_OBJC_MSGSEND = YES;
				ENABLE_TESTABILITY = YES;
				GCC_C_LANGUAGE_STANDARD = gnu99;
				GCC_DYNAMIC_NO_PIC = NO;
				GCC_NO_COMMON_BLOCKS = YES;
				GCC_OPTIMIZATION_LEVEL = 0;
				GCC_PREPROCESSOR_DEFINITIONS = (
					"DEBUG=1",
					"$(inherited)",
				);
				GCC_WARN_64_TO_32_BIT_CONVERSION = YES;
				GCC_WARN_ABOUT_RETURN_TYPE = YES_ERROR;
				GCC_WARN_UNDECLARED_SELECTOR = YES;
				GCC_WARN_UNINITIALIZED_AUTOS = YES_AGGRESSIVE;
				GCC_WARN_UNUSED_FUNCTION = YES;
				GCC_WARN_UNUSED_VARIABLE = YES;
				IPHONEOS_DEPLOYMENT_TARGET = 10.3;
				MTL_ENABLE_DEBUG_INFO = YES;
				ONLY_ACTIVE_ARCH = YES;
				SDKROOT = iphoneos;
				TARGETED_DEVICE_FAMILY = "1,2";
			};
			name = Debug;
		};
		89D8AF1A1F2B18B2003310B2 /* Release */ = {
			isa = XCBuildConfiguration;
			buildSettings = {
				ALWAYS_SEARCH_USER_PATHS = NO;
				CLANG_ANALYZER_NONNULL = YES;
				CLANG_ANALYZER_NUMBER_OBJECT_CONVERSION = YES_AGGRESSIVE;
				CLANG_CXX_LANGUAGE_STANDARD = "gnu++0x";
				CLANG_CXX_LIBRARY = "libc++";
				CLANG_ENABLE_MODULES = YES;
				CLANG_ENABLE_OBJC_ARC = YES;
				CLANG_WARN_BOOL_CONVERSION = YES;
				CLANG_WARN_CONSTANT_CONVERSION = YES;
				CLANG_WARN_DIRECT_OBJC_ISA_USAGE = YES_ERROR;
				CLANG_WARN_DOCUMENTATION_COMMENTS = YES;
				CLANG_WARN_EMPTY_BODY = YES;
				CLANG_WARN_ENUM_CONVERSION = YES;
				CLANG_WARN_INFINITE_RECURSION = YES;
				CLANG_WARN_INT_CONVERSION = YES;
				CLANG_WARN_OBJC_ROOT_CLASS = YES_ERROR;
				CLANG_WARN_SUSPICIOUS_MOVE = YES;
				CLANG_WARN_UNREACHABLE_CODE = YES;
				CLANG_WARN__DUPLICATE_METHOD_MATCH = YES;
				"CODE_SIGN_IDENTITY[sdk=iphoneos*]" = "iPhone Developer";
				COPY_PHASE_STRIP = NO;
				DEBUG_INFORMATION_FORMAT = "dwarf-with-dsym";
				ENABLE_NS_ASSERTIONS = NO;
				ENABLE_STRICT_OBJC_MSGSEND = YES;
				GCC_C_LANGUAGE_STANDARD = gnu99;
				GCC_NO_COMMON_BLOCKS = YES;
				GCC_WARN_64_TO_32_BIT_CONVERSION = YES;
				GCC_WARN_ABOUT_RETURN_TYPE = YES_ERROR;
				GCC_WARN_UNDECLARED_SELECTOR = YES;
				GCC_WARN_UNINITIALIZED_AUTOS = YES_AGGRESSIVE;
				GCC_WARN_UNUSED_FUNCTION = YES;
				GCC_WARN_UNUSED_VARIABLE = YES;
				IPHONEOS_DEPLOYMENT_TARGET = 10.3;
				MTL_ENABLE_DEBUG_INFO = NO;
				SDKROOT = iphoneos;
				TARGETED_DEVICE_FAMILY = "1,2";
				VALIDATE_PRODUCT = YES;
			};
			name = Release;
		};
		89D8AF1C1F2B18B2003310B2 /* Debug */ = {
			isa = XCBuildConfiguration;
			buildSettings = {
				ASSETCATALOG_COMPILER_APPICON_NAME = AppIcon;
				INFOPLIST_FILE = AudioPlayerProject/Info.plist;
				LD_RUNPATH_SEARCH_PATHS = "$(inherited) @executable_path/Frameworks";
				PRODUCT_BUNDLE_IDENTIFIER = com.Linyoung.AudioPlayerProject;
				PRODUCT_NAME = "$(TARGET_NAME)";
			};
			name = Debug;
		};
		89D8AF1D1F2B18B2003310B2 /* Release */ = {
			isa = XCBuildConfiguration;
			buildSettings = {
				ASSETCATALOG_COMPILER_APPICON_NAME = AppIcon;
				INFOPLIST_FILE = AudioPlayerProject/Info.plist;
				LD_RUNPATH_SEARCH_PATHS = "$(inherited) @executable_path/Frameworks";
				PRODUCT_BUNDLE_IDENTIFIER = com.Linyoung.AudioPlayerProject;
				PRODUCT_NAME = "$(TARGET_NAME)";
			};
			name = Release;
		};
		89D8AF1F1F2B18B2003310B2 /* Debug */ = {
			isa = XCBuildConfiguration;
			buildSettings = {
				BUNDLE_LOADER = "$(TEST_HOST)";
				INFOPLIST_FILE = AudioPlayerProjectTests/Info.plist;
				LD_RUNPATH_SEARCH_PATHS = "$(inherited) @executable_path/Frameworks @loader_path/Frameworks";
				PRODUCT_BUNDLE_IDENTIFIER = com.Linyoung.AudioPlayerProjectTests;
				PRODUCT_NAME = "$(TARGET_NAME)";
				TEST_HOST = "$(BUILT_PRODUCTS_DIR)/AudioPlayerProject.app/AudioPlayerProject";
			};
			name = Debug;
		};
		89D8AF201F2B18B2003310B2 /* Release */ = {
			isa = XCBuildConfiguration;
			buildSettings = {
				BUNDLE_LOADER = "$(TEST_HOST)";
				INFOPLIST_FILE = AudioPlayerProjectTests/Info.plist;
				LD_RUNPATH_SEARCH_PATHS = "$(inherited) @executable_path/Frameworks @loader_path/Frameworks";
				PRODUCT_BUNDLE_IDENTIFIER = com.Linyoung.AudioPlayerProjectTests;
				PRODUCT_NAME = "$(TARGET_NAME)";
				TEST_HOST = "$(BUILT_PRODUCTS_DIR)/AudioPlayerProject.app/AudioPlayerProject";
			};
			name = Release;
		};
		89D8AF221F2B18B2003310B2 /* Debug */ = {
			isa = XCBuildConfiguration;
			buildSettings = {
				INFOPLIST_FILE = AudioPlayerProjectUITests/Info.plist;
				LD_RUNPATH_SEARCH_PATHS = "$(inherited) @executable_path/Frameworks @loader_path/Frameworks";
				PRODUCT_BUNDLE_IDENTIFIER = com.Linyoung.AudioPlayerProjectUITests;
				PRODUCT_NAME = "$(TARGET_NAME)";
				TEST_TARGET_NAME = AudioPlayerProject;
			};
			name = Debug;
		};
		89D8AF231F2B18B2003310B2 /* Release */ = {
			isa = XCBuildConfiguration;
			buildSettings = {
				INFOPLIST_FILE = AudioPlayerProjectUITests/Info.plist;
				LD_RUNPATH_SEARCH_PATHS = "$(inherited) @executable_path/Frameworks @loader_path/Frameworks";
				PRODUCT_BUNDLE_IDENTIFIER = com.Linyoung.AudioPlayerProjectUITests;
				PRODUCT_NAME = "$(TARGET_NAME)";
				TEST_TARGET_NAME = AudioPlayerProject;
			};
			name = Release;
		};
/* End XCBuildConfiguration section */

/* Begin XCConfigurationList section */
		89D8AEE91F2B18B2003310B2 /* Build configuration list for PBXProject "AudioPlayerProject" */ = {
			isa = XCConfigurationList;
			buildConfigurations = (
				89D8AF191F2B18B2003310B2 /* Debug */,
				89D8AF1A1F2B18B2003310B2 /* Release */,
			);
			defaultConfigurationIsVisible = 0;
			defaultConfigurationName = Release;
		};
		89D8AF1B1F2B18B2003310B2 /* Build configuration list for PBXNativeTarget "AudioPlayerProject" */ = {
			isa = XCConfigurationList;
			buildConfigurations = (
				89D8AF1C1F2B18B2003310B2 /* Debug */,
				89D8AF1D1F2B18B2003310B2 /* Release */,
			);
			defaultConfigurationIsVisible = 0;
		};
		89D8AF1E1F2B18B2003310B2 /* Build configuration list for PBXNativeTarget "AudioPlayerProjectTests" */ = {
			isa = XCConfigurationList;
			buildConfigurations = (
				89D8AF1F1F2B18B2003310B2 /* Debug */,
				89D8AF201F2B18B2003310B2 /* Release */,
			);
			defaultConfigurationIsVisible = 0;
		};
		89D8AF211F2B18B2003310B2 /* Build configuration list for PBXNativeTarget "AudioPlayerProjectUITests" */ = {
			isa = XCConfigurationList;
			buildConfigurations = (
				89D8AF221F2B18B2003310B2 /* Debug */,
				89D8AF231F2B18B2003310B2 /* Release */,
			);
			defaultConfigurationIsVisible = 0;
		};
/* End XCConfigurationList section */
	};
	rootObject = 89D8AEE61F2B18B2003310B2 /* Project object */;
}
